
Microsoft Visual Studio Solution File, Format Version 12.00
# Visual Studio Version 16
VisualStudioVersion = 16.0.31702.278
MinimumVisualStudioVersion = 10.0.40219.1
Project("{FAE04EC0-301F-11D3-BF4B-00C04F79EFBC}") = "ACMEClientExtension", "ACMEClientExtension\ACMEClientExtension.csproj", "{951BA202-FFCD-4BBF-9C8F-8C06720BAF68}"
EndProject
Global
	GlobalSection(SolutionConfigurationPlatforms) = preSolution
		Debug|Any CPU = Debug|Any CPU
		Release|Any CPU = Release|Any CPU
	EndGlobalSection
	GlobalSection(ProjectConfigurationPlatforms) = postSolution
		{951BA202-FFCD-4BBF-9C8F-8C06720BAF68}.Debug|Any CPU.ActiveCfg = Debug|Any CPU
		{951BA202-FFCD-4BBF-9C8F-8C06720BAF68}.Debug|Any CPU.Build.0 = Debug|Any CPU
		{951BA202-FFCD-4BBF-9C8F-8C06720BAF68}.Release|Any CPU.ActiveCfg = Release|Any CPU
		{951BA202-FFCD-4BBF-9C8F-8C06720BAF68}.Release|Any CPU.Build.0 = Release|Any CPU
	EndGlobalSection
	GlobalSection(SolutionProperties) = preSolution
		HideSolutionNode = FALSE
	EndGlobalSection
	GlobalSection(ExtensibilityGlobals) = postSolution
		SolutionGuid = {F16232A0-999F-4A83-BFAC-561BEF336414}
	EndGlobalSection
EndGlobal
